
Microsoft Visual Studio Solution File, Format Version 12.00
# Visual Studio Version 16
VisualStudioVersion = 16.0.31205.134
MinimumVisualStudioVersion = 10.0.40219.1
Project("{FAE04EC0-301F-11D3-BF4B-00C04F79EFBC}") = "计算轮廓系数 评价聚类好坏", "计算轮廓系数 评价聚类好坏.csproj", "{973BE20E-5637-4827-B7E1-D427DF88B47A}"
EndProject
Global
	GlobalSection(SolutionConfigurationPlatforms) = preSolution
		Debug|Any CPU = Debug|Any CPU
		Release|Any CPU = Release|Any CPU
	EndGlobalSection
	GlobalSection(ProjectConfigurationPlatforms) = postSolution
		{973BE20E-5637-4827-B7E1-D427DF88B47A}.Debug|Any CPU.ActiveCfg = Debug|Any CPU
		{973BE20E-5637-4827-B7E1-D427DF88B47A}.Debug|Any CPU.Build.0 = Debug|Any CPU
		{973BE20E-5637-4827-B7E1-D427DF88B47A}.Release|Any CPU.ActiveCfg = Release|Any CPU
		{973BE20E-5637-4827-B7E1-D427DF88B47A}.Release|Any CPU.Build.0 = Release|Any CPU
	EndGlobalSection
	GlobalSection(SolutionProperties) = preSolution
		HideSolutionNode = FALSE
	EndGlobalSection
	GlobalSection(ExtensibilityGlobals) = postSolution
		SolutionGuid = {FF61A598-E367-4F21-9772-01079F634F31}
	EndGlobalSection
EndGlobal
