
Microsoft Visual Studio Solution File, Format Version 12.00
# Visual Studio Version 16
VisualStudioVersion = 16.0.31205.134
MinimumVisualStudioVersion = 10.0.40219.1
Project("{FAE04EC0-301F-11D3-BF4B-00C04F79EFBC}") = "计算指定突变在进化枝的RoHo", "计算指定突变在进化枝的RoHo.csproj", "{FAA71132-51E2-46E8-8A7D-67580E125AC3}"
EndProject
Global
	GlobalSection(SolutionConfigurationPlatforms) = preSolution
		Debug|Any CPU = Debug|Any CPU
		Release|Any CPU = Release|Any CPU
	EndGlobalSection
	GlobalSection(ProjectConfigurationPlatforms) = postSolution
		{FAA71132-51E2-46E8-8A7D-67580E125AC3}.Debug|Any CPU.ActiveCfg = Debug|Any CPU
		{FAA71132-51E2-46E8-8A7D-67580E125AC3}.Debug|Any CPU.Build.0 = Debug|Any CPU
		{FAA71132-51E2-46E8-8A7D-67580E125AC3}.Release|Any CPU.ActiveCfg = Release|Any CPU
		{FAA71132-51E2-46E8-8A7D-67580E125AC3}.Release|Any CPU.Build.0 = Release|Any CPU
	EndGlobalSection
	GlobalSection(SolutionProperties) = preSolution
		HideSolutionNode = FALSE
	EndGlobalSection
	GlobalSection(ExtensibilityGlobals) = postSolution
		SolutionGuid = {F4DD1E9D-70BA-47D5-A843-25A9F9A082DA}
	EndGlobalSection
EndGlobal
