
Microsoft Visual Studio Solution File, Format Version 12.00
# Visual Studio Version 16
VisualStudioVersion = 16.0.31205.134
MinimumVisualStudioVersion = 10.0.40219.1
Project("{FAE04EC0-301F-11D3-BF4B-00C04F79EFBC}") = "根据抗体中和数据计算12类抗体的压力谱", "根据抗体中和数据计算12类抗体的压力谱.csproj", "{BB45611D-B4EE-4E4A-AA07-BF87CFA2D121}"
EndProject
Global
	GlobalSection(SolutionConfigurationPlatforms) = preSolution
		Debug|Any CPU = Debug|Any CPU
		Release|Any CPU = Release|Any CPU
	EndGlobalSection
	GlobalSection(ProjectConfigurationPlatforms) = postSolution
		{BB45611D-B4EE-4E4A-AA07-BF87CFA2D121}.Debug|Any CPU.ActiveCfg = Debug|Any CPU
		{BB45611D-B4EE-4E4A-AA07-BF87CFA2D121}.Debug|Any CPU.Build.0 = Debug|Any CPU
		{BB45611D-B4EE-4E4A-AA07-BF87CFA2D121}.Release|Any CPU.ActiveCfg = Release|Any CPU
		{BB45611D-B4EE-4E4A-AA07-BF87CFA2D121}.Release|Any CPU.Build.0 = Release|Any CPU
	EndGlobalSection
	GlobalSection(SolutionProperties) = preSolution
		HideSolutionNode = FALSE
	EndGlobalSection
	GlobalSection(ExtensibilityGlobals) = postSolution
		SolutionGuid = {11E2A805-1481-4CCA-8F60-B622B6170CFA}
	EndGlobalSection
EndGlobal
