
Microsoft Visual Studio Solution File, Format Version 12.00
# Visual Studio Version 16
VisualStudioVersion = 16.0.31205.134
MinimumVisualStudioVersion = 10.0.40219.1
Project("{FAE04EC0-301F-11D3-BF4B-00C04F79EFBC}") = "不同进化枝在出现后的突变率差异", "不同进化枝在出现后的突变率差异.csproj", "{AAF2F038-3AED-402A-80EB-E4BF6A967ABB}"
EndProject
Global
	GlobalSection(SolutionConfigurationPlatforms) = preSolution
		Debug|Any CPU = Debug|Any CPU
		Release|Any CPU = Release|Any CPU
	EndGlobalSection
	GlobalSection(ProjectConfigurationPlatforms) = postSolution
		{AAF2F038-3AED-402A-80EB-E4BF6A967ABB}.Debug|Any CPU.ActiveCfg = Debug|Any CPU
		{AAF2F038-3AED-402A-80EB-E4BF6A967ABB}.Debug|Any CPU.Build.0 = Debug|Any CPU
		{AAF2F038-3AED-402A-80EB-E4BF6A967ABB}.Release|Any CPU.ActiveCfg = Release|Any CPU
		{AAF2F038-3AED-402A-80EB-E4BF6A967ABB}.Release|Any CPU.Build.0 = Release|Any CPU
	EndGlobalSection
	GlobalSection(SolutionProperties) = preSolution
		HideSolutionNode = FALSE
	EndGlobalSection
	GlobalSection(ExtensibilityGlobals) = postSolution
		SolutionGuid = {5E22DE76-DF5A-45AA-B917-8FF1D2066670}
	EndGlobalSection
EndGlobal
