
Microsoft Visual Studio Solution File, Format Version 12.00
# Visual Studio Version 16
VisualStudioVersion = 16.0.31205.134
MinimumVisualStudioVersion = 10.0.40219.1
Project("{FAE04EC0-301F-11D3-BF4B-00C04F79EFBC}") = "计算不同时间_地点的突变率", "计算不同时间_地点的突变率.csproj", "{17EA472B-419B-4D45-9B2B-AF42641307C2}"
EndProject
Global
	GlobalSection(SolutionConfigurationPlatforms) = preSolution
		Debug|Any CPU = Debug|Any CPU
		Release|Any CPU = Release|Any CPU
	EndGlobalSection
	GlobalSection(ProjectConfigurationPlatforms) = postSolution
		{17EA472B-419B-4D45-9B2B-AF42641307C2}.Debug|Any CPU.ActiveCfg = Debug|Any CPU
		{17EA472B-419B-4D45-9B2B-AF42641307C2}.Debug|Any CPU.Build.0 = Debug|Any CPU
		{17EA472B-419B-4D45-9B2B-AF42641307C2}.Release|Any CPU.ActiveCfg = Release|Any CPU
		{17EA472B-419B-4D45-9B2B-AF42641307C2}.Release|Any CPU.Build.0 = Release|Any CPU
	EndGlobalSection
	GlobalSection(SolutionProperties) = preSolution
		HideSolutionNode = FALSE
	EndGlobalSection
	GlobalSection(ExtensibilityGlobals) = postSolution
		SolutionGuid = {BF3F0653-D9A4-4AC8-987E-EE6776FC0C53}
	EndGlobalSection
EndGlobal
